
Microsoft Visual Studio Solution File, Format Version 12.00
# Visual Studio 15
VisualStudioVersion = 15.0.28010.2003
MinimumVisualStudioVersion = 10.0.40219.1
Project("{FAE04EC0-301F-11D3-BF4B-00C04F79EFBC}") = "FrontEnd", "FrontEnd\FrontEnd.csproj", "{64AD4494-DB1E-4F10-9DBF-9043A29922B1}"
EndProject
Project("{FAE04EC0-301F-11D3-BF4B-00C04F79EFBC}") = "BackEnd", "BackEnd\BackEnd.csproj", "{D33B6F1B-5FB9-47CE-8DC2-D1C37AB06FE2}"
EndProject
Global
	GlobalSection(SolutionConfigurationPlatforms) = preSolution
		Debug|Any CPU = Debug|Any CPU
		Release|Any CPU = Release|Any CPU
	EndGlobalSection
	GlobalSection(ProjectConfigurationPlatforms) = postSolution
		{64AD4494-DB1E-4F10-9DBF-9043A29922B1}.Debug|Any CPU.ActiveCfg = Debug|Any CPU
		{64AD4494-DB1E-4F10-9DBF-9043A29922B1}.Debug|Any CPU.Build.0 = Debug|Any CPU
		{64AD4494-DB1E-4F10-9DBF-9043A29922B1}.Release|Any CPU.ActiveCfg = Release|Any CPU
		{64AD4494-DB1E-4F10-9DBF-9043A29922B1}.Release|Any CPU.Build.0 = Release|Any CPU
		{D33B6F1B-5FB9-47CE-8DC2-D1C37AB06FE2}.Debug|Any CPU.ActiveCfg = Debug|Any CPU
		{D33B6F1B-5FB9-47CE-8DC2-D1C37AB06FE2}.Debug|Any CPU.Build.0 = Debug|Any CPU
		{D33B6F1B-5FB9-47CE-8DC2-D1C37AB06FE2}.Release|Any CPU.ActiveCfg = Release|Any CPU
		{D33B6F1B-5FB9-47CE-8DC2-D1C37AB06FE2}.Release|Any CPU.Build.0 = Release|Any CPU
	EndGlobalSection
	GlobalSection(SolutionProperties) = preSolution
		HideSolutionNode = FALSE
	EndGlobalSection
	GlobalSection(ExtensibilityGlobals) = postSolution
		SolutionGuid = {8CAB9981-1A5C-4917-AB9E-5BF3FF0016B6}
	EndGlobalSection
EndGlobal
